
Microsoft Visual Studio Solution File, Format Version 12.00
# Visual Studio Version 17
VisualStudioVersion = 17.2.32602.215
MinimumVisualStudioVersion = 10.0.40219.1
Project("{FAE04EC0-301F-11D3-BF4B-00C04F79EFBC}") = "Delivery", "Delivery\Delivery.csproj", "{8C01D79D-DBA9-472B-B02F-738F1D12F296}"
EndProject
Project("{00D1A9C2-B5F0-4AF3-8072-F6C62B433612}") = "Delivery.sqlite", "Delivery.sqlite\Delivery.sqlite.sqlproj", "{75A788E8-DA24-4FFB-BE3E-D18767DEC938}"
EndProject
Global
	GlobalSection(SolutionConfigurationPlatforms) = preSolution
		Debug|Any CPU = Debug|Any CPU
		Release|Any CPU = Release|Any CPU
	EndGlobalSection
	GlobalSection(ProjectConfigurationPlatforms) = postSolution
		{8C01D79D-DBA9-472B-B02F-738F1D12F296}.Debug|Any CPU.ActiveCfg = Debug|Any CPU
		{8C01D79D-DBA9-472B-B02F-738F1D12F296}.Debug|Any CPU.Build.0 = Debug|Any CPU
		{8C01D79D-DBA9-472B-B02F-738F1D12F296}.Release|Any CPU.ActiveCfg = Release|Any CPU
		{8C01D79D-DBA9-472B-B02F-738F1D12F296}.Release|Any CPU.Build.0 = Release|Any CPU
		{75A788E8-DA24-4FFB-BE3E-D18767DEC938}.Debug|Any CPU.ActiveCfg = Debug|Any CPU
		{75A788E8-DA24-4FFB-BE3E-D18767DEC938}.Debug|Any CPU.Build.0 = Debug|Any CPU
		{75A788E8-DA24-4FFB-BE3E-D18767DEC938}.Debug|Any CPU.Deploy.0 = Debug|Any CPU
		{75A788E8-DA24-4FFB-BE3E-D18767DEC938}.Release|Any CPU.ActiveCfg = Release|Any CPU
		{75A788E8-DA24-4FFB-BE3E-D18767DEC938}.Release|Any CPU.Build.0 = Release|Any CPU
		{75A788E8-DA24-4FFB-BE3E-D18767DEC938}.Release|Any CPU.Deploy.0 = Release|Any CPU
	EndGlobalSection
	GlobalSection(SolutionProperties) = preSolution
		HideSolutionNode = FALSE
	EndGlobalSection
	GlobalSection(ExtensibilityGlobals) = postSolution
		SolutionGuid = {A164BB05-6724-4B95-9F7F-A1953058F82A}
	EndGlobalSection
EndGlobal
